<?xml version="1.0" encoding="utf-8"?>
<Project ToolsVersion="4.0" xmlns="http://schemas.microsoft.com/developer/msbuild/2003">
  <ItemGroup>
    <Filter Include="源文件">
      <UniqueIdentifier>{4FC737F1-C7A5-4376-A066-2A32D752A2FF}</UniqueIdentifier>
      <Extensions>cpp;c;cc;cxx;c++;cppm;ixx;def;odl;idl;hpj;bat;asm;asmx</Extensions>
    </Filter>
    <Filter Include="头文件">
      <UniqueIdentifier>{93995380-89BD-4b04-88EB-625FBE52EBFB}</UniqueIdentifier>
      <Extensions>h;hh;hpp;hxx;h++;hm;inl;inc;ipp;xsd</Extensions>
    </Filter>
    <Filter Include="资源文件">
      <UniqueIdentifier>{67DA6AB6-F800-4c08-8B7A-83BB121AAD01}</UniqueIdentifier>
      <Extensions>rc;ico;cur;bmp;dlg;rc2;rct;bin;rgs;gif;jpg;jpeg;jpe;resx;tiff;tif;png;wav;mfcribbon-ms</Extensions>
    </Filter>
  </ItemGroup>
  <ItemGroup>
    <ClCompile Include="main.cpp">
      <Filter>源文件</Filter>
    </ClCompile>
    <ClCompile Include="VKRTWindow.cpp">
      <Filter>源文件</Filter>
    </ClCompile>
    <ClCompile Include="VKRTApp.cpp">
      <Filter>源文件</Filter>
    </ClCompile>
    <ClCompile Include="Image.cpp">
      <Filter>源文件</Filter>
    </ClCompile>
    <ClCompile Include="Buffer.cpp">
      <Filter>源文件</Filter>
    </ClCompile>
    <ClCompile Include="ShaderBindingTable.cpp">
      <Filter>源文件</Filter>
    </ClCompile>
    <ClCompile Include="Mesh.cpp">
      <Filter>源文件</Filter>
    </ClCompile>
    <ClCompile Include="Instance.cpp">
      <Filter>源文件</Filter>
    </ClCompile>
    <ClCompile Include="Common.cpp">
      <Filter>源文件</Filter>
    </ClCompile>
    <ClCompile Include="Device.cpp">
      <Filter>源文件</Filter>
    </ClCompile>
    <ClCompile Include="Surface.cpp">
      <Filter>源文件</Filter>
    </ClCompile>
    <ClCompile Include="Swapchain.cpp">
      <Filter>源文件</Filter>
    </ClCompile>
    <ClCompile Include="BottomLevelAccelerationStructureBuilder.cpp">
      <Filter>源文件</Filter>
    </ClCompile>
    <ClCompile Include="Camera.cpp">
      <Filter>源文件</Filter>
    </ClCompile>
    <ClCompile Include="TopLevelAccelerationStructure.cpp">
      <Filter>源文件</Filter>
    </ClCompile>
    <ClCompile Include="ShaderModule.cpp">
      <Filter>源文件</Filter>
    </ClCompile>
    <ClCompile Include="FileUtility.cpp">
      <Filter>源文件</Filter>
    </ClCompile>
    <ClCompile Include="DescriptorSet.cpp">
      <Filter>源文件</Filter>
    </ClCompile>
    <ClCompile Include="DescriptorSetLayout.cpp">
      <Filter>源文件</Filter>
    </ClCompile>
    <ClCompile Include="ImGUI\imgui.cpp">
      <Filter>源文件</Filter>
    </ClCompile>
    <ClCompile Include="ImGUI\imgui_demo.cpp">
      <Filter>源文件</Filter>
    </ClCompile>
    <ClCompile Include="ImGUI\imgui_draw.cpp">
      <Filter>源文件</Filter>
    </ClCompile>
    <ClCompile Include="ImGUI\imgui_impl_glfw.cpp">
      <Filter>源文件</Filter>
    </ClCompile>
    <ClCompile Include="ImGUI\imgui_impl_vulkan.cpp">
      <Filter>源文件</Filter>
    </ClCompile>
    <ClCompile Include="ImGUI\imgui_tables.cpp">
      <Filter>源文件</Filter>
    </ClCompile>
    <ClCompile Include="ImGUI\imgui_widgets.cpp">
      <Filter>源文件</Filter>
    </ClCompile>
    <ClCompile Include="ImGUIRenderPass.cpp">
      <Filter>源文件</Filter>
    </ClCompile>
  </ItemGroup>
  <ItemGroup>
    <ClInclude Include="VKRTWindow.h">
      <Filter>头文件</Filter>
    </ClInclude>
    <ClInclude Include="VKRTApp.h">
      <Filter>头文件</Filter>
    </ClInclude>
    <ClInclude Include="Image.h">
      <Filter>头文件</Filter>
    </ClInclude>
    <ClInclude Include="Buffer.h">
      <Filter>头文件</Filter>
    </ClInclude>
    <ClInclude Include="ShaderBindingTable.h">
      <Filter>头文件</Filter>
    </ClInclude>
    <ClInclude Include="Mesh.h">
      <Filter>头文件</Filter>
    </ClInclude>
    <ClInclude Include="Instance.h">
      <Filter>头文件</Filter>
    </ClInclude>
    <ClInclude Include="Common.h">
      <Filter>头文件</Filter>
    </ClInclude>
    <ClInclude Include="Device.h">
      <Filter>头文件</Filter>
    </ClInclude>
    <ClInclude Include="Surface.h">
      <Filter>头文件</Filter>
    </ClInclude>
    <ClInclude Include="Swapchain.h">
      <Filter>头文件</Filter>
    </ClInclude>
    <ClInclude Include="BottomLevelAccelerationStructureBuilder.h">
      <Filter>头文件</Filter>
    </ClInclude>
    <ClInclude Include="Camera.h">
      <Filter>头文件</Filter>
    </ClInclude>
    <ClInclude Include="Constants.h">
      <Filter>头文件</Filter>
    </ClInclude>
    <ClInclude Include="TopLevelAccelerationStructure.h">
      <Filter>头文件</Filter>
    </ClInclude>
    <ClInclude Include="ShaderModule.h">
      <Filter>头文件</Filter>
    </ClInclude>
    <ClInclude Include="shared_with_shaders.h">
      <Filter>头文件</Filter>
    </ClInclude>
    <ClInclude Include="FileUtility.h">
      <Filter>头文件</Filter>
    </ClInclude>
    <ClInclude Include="DescriptorSet.h">
      <Filter>头文件</Filter>
    </ClInclude>
    <ClInclude Include="DescriptorSetLayout.h">
      <Filter>头文件</Filter>
    </ClInclude>
    <ClInclude Include="ImGUI\imconfig.h">
      <Filter>头文件</Filter>
    </ClInclude>
    <ClInclude Include="ImGUI\imgui.h">
      <Filter>头文件</Filter>
    </ClInclude>
    <ClInclude Include="ImGUI\imgui_impl_glfw.h">
      <Filter>头文件</Filter>
    </ClInclude>
    <ClInclude Include="ImGUI\imgui_impl_vulkan.h">
      <Filter>头文件</Filter>
    </ClInclude>
    <ClInclude Include="ImGUI\imgui_internal.h">
      <Filter>头文件</Filter>
    </ClInclude>
    <ClInclude Include="ImGUI\imstb_rectpack.h">
      <Filter>头文件</Filter>
    </ClInclude>
    <ClInclude Include="ImGUI\imstb_textedit.h">
      <Filter>头文件</Filter>
    </ClInclude>
    <ClInclude Include="ImGUI\imstb_truetype.h">
      <Filter>头文件</Filter>
    </ClInclude>
    <ClInclude Include="ImGUIRenderPass.h">
      <Filter>头文件</Filter>
    </ClInclude>
  </ItemGroup>
</Project>